
Microsoft Visual Studio Solution File, Format Version 12.00
# Visual Studio 2013
VisualStudioVersion = 12.0.30723.0
MinimumVisualStudioVersion = 10.0.40219.1
Project("{FAE04EC0-301F-11D3-BF4B-00C04F79EFBC}") = "ALS_CORPORATIVO", "ALS_CORPORATIVO\ALS_CORPORATIVO.csproj", "{77DC71DD-58A4-4133-83E8-F3DB5336737A}"
EndProject
Global
	GlobalSection(SolutionConfigurationPlatforms) = preSolution
		Debug|Any CPU = Debug|Any CPU
		Release|Any CPU = Release|Any CPU
	EndGlobalSection
	GlobalSection(ProjectConfigurationPlatforms) = postSolution
		{77DC71DD-58A4-4133-83E8-F3DB5336737A}.Debug|Any CPU.ActiveCfg = Debug|Any CPU
		{77DC71DD-58A4-4133-83E8-F3DB5336737A}.Debug|Any CPU.Build.0 = Debug|Any CPU
		{77DC71DD-58A4-4133-83E8-F3DB5336737A}.Release|Any CPU.ActiveCfg = Release|Any CPU
		{77DC71DD-58A4-4133-83E8-F3DB5336737A}.Release|Any CPU.Build.0 = Release|Any CPU
	EndGlobalSection
	GlobalSection(SolutionProperties) = preSolution
		HideSolutionNode = FALSE
	EndGlobalSection
EndGlobal
